# THIS IS AN AUTOGENERATED FILE. DO NOT EDIT THIS FILE DIRECTLY.
# yarn lockfile v1


frappe-charts@^1.6.2:
  version "1.6.2"
  resolved "https://registry.npmjs.org/frappe-charts/-/frappe-charts-1.6.2.tgz"
  integrity sha512-9TC3/+YVUi84yYoEbxFiSqu+1FQ5If/ydUNj6i8FRpwynd08t6a7RkS+IRJozAk6NfdL8/LVTTE1DUOjjKZZxg==

path2d-polyfill@^2.0.1:
  version "2.1.1"
  resolved "https://registry.npmjs.org/path2d-polyfill/-/path2d-polyfill-2.1.1.tgz"
  integrity sha512-4Rka5lN+rY/p0CdD8+E+BFv51lFaFvJOrlOhyQ+zjzyQrzyh3ozmxd1vVGGDdIbUFSBtIZLSnspxTgPT0iJhvA==
  dependencies:
    path2d "0.1.1"

path2d@0.1.1:
  version "0.1.1"
  resolved "https://registry.npmjs.org/path2d/-/path2d-0.1.1.tgz"
  integrity sha512-/+S03c8AGsDYKKBtRDqieTJv2GlkMb0bWjnqOgtF6MkjdUQ9a8ARAtxWf9NgKLGm2+WQr6+/tqJdU8HNGsIDoA==

pdfjs-dist@^3.11.174:
  version "3.11.174"
  resolved "https://registry.npmjs.org/pdfjs-dist/-/pdfjs-dist-3.11.174.tgz"
  integrity sha512-TdTZPf1trZ8/UFu5Cx/GXB7GZM30LT+wWUNfsi6Bq8ePLnb+woNKtDymI2mxZYBpMbonNFqKmiz684DIfnd8dA==
  optionalDependencies:
    canvas "^2.11.2"
    path2d-polyfill "^2.0.1"
